
Microsoft Visual Studio Solution File, Format Version 12.00
# Visual Studio Version 17
VisualStudioVersion = 17.8.34330.188
MinimumVisualStudioVersion = 10.0.40219.1
Project("{9A19103F-16F7-4668-BE54-9A1E7A4F7556}") = "Api", "Api.csproj", "{12276937-5B4B-4683-93FA-05DC32533569}"
EndProject
Project("{2150E333-8FDC-42A3-9474-1A3956D46DE8}") = "BD", "BD", "{97CC85F3-E339-44BF-8CAE-7A4441B48CC6}"
EndProject
Project("{FAE04EC0-301F-11D3-BF4B-00C04F79EFBC}") = "DBEF", "..\DBEF\DBEF.csproj", "{7301C61C-367B-4A62-BD90-C14CF5973339}"
EndProject
Project("{2150E333-8FDC-42A3-9474-1A3956D46DE8}") = "Interfaces", "Interfaces", "{DAB0008E-4497-4762-96E5-8CD50A8168AF}"
EndProject
Project("{FAE04EC0-301F-11D3-BF4B-00C04F79EFBC}") = "Interfaces", "..\Interfaces\Interfaces.csproj", "{D3BA02BF-86C0-4F43-BD94-6B4C802DB223}"
EndProject
Project("{2150E333-8FDC-42A3-9474-1A3956D46DE8}") = "Logica", "Logica", "{1D1EBFB0-2960-41AB-A7ED-57ACF8002560}"
EndProject
Project("{FAE04EC0-301F-11D3-BF4B-00C04F79EFBC}") = "Logica", "..\Logica\Logica.csproj", "{968BFB47-D370-43BC-A2EC-B693CC3A6483}"
EndProject
Project("{2150E333-8FDC-42A3-9474-1A3956D46DE8}") = "Modelos", "Modelos", "{81B701FE-182C-4AB4-9B4E-DCD13105BC49}"
EndProject
Project("{FAE04EC0-301F-11D3-BF4B-00C04F79EFBC}") = "Modelos", "..\Modelos\Modelos.csproj", "{22D25156-4506-406E-A5D8-DA741288D679}"
EndProject
Project("{2150E333-8FDC-42A3-9474-1A3956D46DE8}") = "Servicios", "Servicios", "{B146A247-EDE6-40B4-9D20-301B2E417B6B}"
EndProject
Project("{FAE04EC0-301F-11D3-BF4B-00C04F79EFBC}") = "Servicios", "..\Servicios\Servicios.csproj", "{9E7A4A3E-9582-424D-B27C-BB157A57C4A8}"
EndProject
Project("{2150E333-8FDC-42A3-9474-1A3956D46DE8}") = "Utilidades", "Utilidades", "{09E67BEC-F75C-431A-969A-D7FDDC581137}"
EndProject
Project("{FAE04EC0-301F-11D3-BF4B-00C04F79EFBC}") = "Utilidades", "..\Utilidades\Utilidades.csproj", "{4D4DAB97-7A69-49AF-B45B-510BF2A32817}"
EndProject
Global
	GlobalSection(SolutionConfigurationPlatforms) = preSolution
		Debug|Any CPU = Debug|Any CPU
		Release|Any CPU = Release|Any CPU
	EndGlobalSection
	GlobalSection(ProjectConfigurationPlatforms) = postSolution
		{12276937-5B4B-4683-93FA-05DC32533569}.Debug|Any CPU.ActiveCfg = Debug|Any CPU
		{12276937-5B4B-4683-93FA-05DC32533569}.Debug|Any CPU.Build.0 = Debug|Any CPU
		{12276937-5B4B-4683-93FA-05DC32533569}.Release|Any CPU.ActiveCfg = Release|Any CPU
		{12276937-5B4B-4683-93FA-05DC32533569}.Release|Any CPU.Build.0 = Release|Any CPU
		{7301C61C-367B-4A62-BD90-C14CF5973339}.Debug|Any CPU.ActiveCfg = Debug|Any CPU
		{7301C61C-367B-4A62-BD90-C14CF5973339}.Debug|Any CPU.Build.0 = Debug|Any CPU
		{7301C61C-367B-4A62-BD90-C14CF5973339}.Release|Any CPU.ActiveCfg = Release|Any CPU
		{7301C61C-367B-4A62-BD90-C14CF5973339}.Release|Any CPU.Build.0 = Release|Any CPU
		{D3BA02BF-86C0-4F43-BD94-6B4C802DB223}.Debug|Any CPU.ActiveCfg = Debug|Any CPU
		{D3BA02BF-86C0-4F43-BD94-6B4C802DB223}.Debug|Any CPU.Build.0 = Debug|Any CPU
		{D3BA02BF-86C0-4F43-BD94-6B4C802DB223}.Release|Any CPU.ActiveCfg = Release|Any CPU
		{D3BA02BF-86C0-4F43-BD94-6B4C802DB223}.Release|Any CPU.Build.0 = Release|Any CPU
		{968BFB47-D370-43BC-A2EC-B693CC3A6483}.Debug|Any CPU.ActiveCfg = Debug|Any CPU
		{968BFB47-D370-43BC-A2EC-B693CC3A6483}.Debug|Any CPU.Build.0 = Debug|Any CPU
		{968BFB47-D370-43BC-A2EC-B693CC3A6483}.Release|Any CPU.ActiveCfg = Release|Any CPU
		{968BFB47-D370-43BC-A2EC-B693CC3A6483}.Release|Any CPU.Build.0 = Release|Any CPU
		{22D25156-4506-406E-A5D8-DA741288D679}.Debug|Any CPU.ActiveCfg = Debug|Any CPU
		{22D25156-4506-406E-A5D8-DA741288D679}.Debug|Any CPU.Build.0 = Debug|Any CPU
		{22D25156-4506-406E-A5D8-DA741288D679}.Release|Any CPU.ActiveCfg = Release|Any CPU
		{22D25156-4506-406E-A5D8-DA741288D679}.Release|Any CPU.Build.0 = Release|Any CPU
		{9E7A4A3E-9582-424D-B27C-BB157A57C4A8}.Debug|Any CPU.ActiveCfg = Debug|Any CPU
		{9E7A4A3E-9582-424D-B27C-BB157A57C4A8}.Debug|Any CPU.Build.0 = Debug|Any CPU
		{9E7A4A3E-9582-424D-B27C-BB157A57C4A8}.Release|Any CPU.ActiveCfg = Release|Any CPU
		{9E7A4A3E-9582-424D-B27C-BB157A57C4A8}.Release|Any CPU.Build.0 = Release|Any CPU
		{4D4DAB97-7A69-49AF-B45B-510BF2A32817}.Debug|Any CPU.ActiveCfg = Debug|Any CPU
		{4D4DAB97-7A69-49AF-B45B-510BF2A32817}.Debug|Any CPU.Build.0 = Debug|Any CPU
		{4D4DAB97-7A69-49AF-B45B-510BF2A32817}.Release|Any CPU.ActiveCfg = Release|Any CPU
		{4D4DAB97-7A69-49AF-B45B-510BF2A32817}.Release|Any CPU.Build.0 = Release|Any CPU
	EndGlobalSection
	GlobalSection(SolutionProperties) = preSolution
		HideSolutionNode = FALSE
	EndGlobalSection
	GlobalSection(NestedProjects) = preSolution
		{7301C61C-367B-4A62-BD90-C14CF5973339} = {97CC85F3-E339-44BF-8CAE-7A4441B48CC6}
		{D3BA02BF-86C0-4F43-BD94-6B4C802DB223} = {DAB0008E-4497-4762-96E5-8CD50A8168AF}
		{968BFB47-D370-43BC-A2EC-B693CC3A6483} = {1D1EBFB0-2960-41AB-A7ED-57ACF8002560}
		{22D25156-4506-406E-A5D8-DA741288D679} = {81B701FE-182C-4AB4-9B4E-DCD13105BC49}
		{9E7A4A3E-9582-424D-B27C-BB157A57C4A8} = {B146A247-EDE6-40B4-9D20-301B2E417B6B}
		{4D4DAB97-7A69-49AF-B45B-510BF2A32817} = {09E67BEC-F75C-431A-969A-D7FDDC581137}
	EndGlobalSection
	GlobalSection(ExtensibilityGlobals) = postSolution
		SolutionGuid = {B4896E83-BFE5-432F-8C8F-24A91AD34F84}
	EndGlobalSection
EndGlobal
